
Microsoft Visual Studio Solution File, Format Version 12.00
# Visual Studio Version 17
VisualStudioVersion = 17.2.32630.192
MinimumVisualStudioVersion = 10.0.40219.1
Project("{FAE04EC0-301F-11D3-BF4B-00C04F79EFBC}") = "TakingANumber", "TakingANumber\TakingANumber.csproj", "{37DE46B7-A242-4BD4-B838-7438C824250E}"
EndProject
Project("{FAE04EC0-301F-11D3-BF4B-00C04F79EFBC}") = "Countdown", "Countdown\Countdown.csproj", "{D5B6D310-6AD9-4F94-B74F-F1344E937CDD}"
EndProject
Global
	GlobalSection(SolutionConfigurationPlatforms) = preSolution
		Debug|Any CPU = Debug|Any CPU
		Release|Any CPU = Release|Any CPU
	EndGlobalSection
	GlobalSection(ProjectConfigurationPlatforms) = postSolution
		{37DE46B7-A242-4BD4-B838-7438C824250E}.Debug|Any CPU.ActiveCfg = Debug|Any CPU
		{37DE46B7-A242-4BD4-B838-7438C824250E}.Debug|Any CPU.Build.0 = Debug|Any CPU
		{37DE46B7-A242-4BD4-B838-7438C824250E}.Release|Any CPU.ActiveCfg = Release|Any CPU
		{37DE46B7-A242-4BD4-B838-7438C824250E}.Release|Any CPU.Build.0 = Release|Any CPU
		{D5B6D310-6AD9-4F94-B74F-F1344E937CDD}.Debug|Any CPU.ActiveCfg = Debug|Any CPU
		{D5B6D310-6AD9-4F94-B74F-F1344E937CDD}.Debug|Any CPU.Build.0 = Debug|Any CPU
		{D5B6D310-6AD9-4F94-B74F-F1344E937CDD}.Release|Any CPU.ActiveCfg = Release|Any CPU
		{D5B6D310-6AD9-4F94-B74F-F1344E937CDD}.Release|Any CPU.Build.0 = Release|Any CPU
	EndGlobalSection
	GlobalSection(SolutionProperties) = preSolution
		HideSolutionNode = FALSE
	EndGlobalSection
	GlobalSection(ExtensibilityGlobals) = postSolution
		SolutionGuid = {DECBC991-289B-4953-B95D-E9F39B2274EF}
	EndGlobalSection
EndGlobal
